// !$*UTF8*$!
{
	archiveVersion = 1;
	classes = {
	};
	objectVersion = 56;
	objects = {

/* Begin PBXBuildFile section */
		8E53A71A2C4C15C000C3F428 /* SideMenuItem.swift in Sources */ = {isa = PBXBuildFile; fileRef = 8E53A7192C4C15C000C3F428 /* SideMenuItem.swift */; };
		8E6B60032C49AC220087B749 /* RealityKitContent in Frameworks */ = {isa = PBXBuildFile; productRef = 8E6B60022C49AC220087B749 /* RealityKitContent */; };
		8E6B60052C49AC220087B749 /* nftApp.swift in Sources */ = {isa = PBXBuildFile; fileRef = 8E6B60042C49AC220087B749 /* nftApp.swift */; };
		8E6B60092C49AC240087B749 /* Assets.xcassets in Resources */ = {isa = PBXBuildFile; fileRef = 8E6B60082C49AC240087B749 /* Assets.xcassets */; };
		8E6B600C2C49AC240087B749 /* Preview Assets.xcassets in Resources */ = {isa = PBXBuildFile; fileRef = 8E6B600B2C49AC240087B749 /* Preview Assets.xcassets */; };
		8E6E7A1B2C5184FB004E4E0E /* LatesCrypto.swift in Sources */ = {isa = PBXBuildFile; fileRef = 8E6E7A1A2C5184FB004E4E0E /* LatesCrypto.swift */; };
		8EA181CB2C4D3C7D00DA1208 /* SideBarView.swift in Sources */ = {isa = PBXBuildFile; fileRef = 8EA181CA2C4D3C7D00DA1208 /* SideBarView.swift */; };
		8EA181CE2C4D487F00DA1208 /* CollectionNFT.swift in Sources */ = {isa = PBXBuildFile; fileRef = 8EA181CD2C4D487F00DA1208 /* CollectionNFT.swift */; };
		8EA181D02C4D87F700DA1208 /* NFTItemView.swift in Sources */ = {isa = PBXBuildFile; fileRef = 8EA181CF2C4D87F700DA1208 /* NFTItemView.swift */; };
		8EF2005B2C53FB2F00A5C007 /* HomePage.swift in Sources */ = {isa = PBXBuildFile; fileRef = 8EF2005A2C53FB2F00A5C007 /* HomePage.swift */; };
		8EF2005E2C53FFF800A5C007 /* ProductsView.swift in Sources */ = {isa = PBXBuildFile; fileRef = 8EF2005D2C53FFF800A5C007 /* ProductsView.swift */; };
		8EFD044F2C5831F000AB88B9 /* Soulless.usdz in Resources */ = {isa = PBXBuildFile; fileRef = 8EFD044E2C5831EF00AB88B9 /* Soulless.usdz */; };
/* End PBXBuildFile section */

/* Begin PBXFileReference section */
		8E53A7192C4C15C000C3F428 /* SideMenuItem.swift */ = {isa = PBXFileReference; lastKnownFileType = sourcecode.swift; path = SideMenuItem.swift; sourceTree = "<group>"; };
		8E6B5FFD2C49AC220087B749 /* nft.app */ = {isa = PBXFileReference; explicitFileType = wrapper.application; includeInIndex = 0; path = nft.app; sourceTree = BUILT_PRODUCTS_DIR; };
		8E6B60012C49AC220087B749 /* RealityKitContent */ = {isa = PBXFileReference; lastKnownFileType = wrapper; path = RealityKitContent; sourceTree = "<group>"; };
		8E6B60042C49AC220087B749 /* nftApp.swift */ = {isa = PBXFileReference; lastKnownFileType = sourcecode.swift; path = nftApp.swift; sourceTree = "<group>"; };
		8E6B60082C49AC240087B749 /* Assets.xcassets */ = {isa = PBXFileReference; lastKnownFileType = folder.assetcatalog; path = Assets.xcassets; sourceTree = "<group>"; };
		8E6B600B2C49AC240087B749 /* Preview Assets.xcassets */ = {isa = PBXFileReference; lastKnownFileType = folder.assetcatalog; path = "Preview Assets.xcassets"; sourceTree = "<group>"; };
		8E6B600D2C49AC240087B749 /* Info.plist */ = {isa = PBXFileReference; lastKnownFileType = text.plist.xml; path = Info.plist; sourceTree = "<group>"; };
		8E6E7A1A2C5184FB004E4E0E /* LatesCrypto.swift */ = {isa = PBXFileReference; lastKnownFileType = sourcecode.swift; path = LatesCrypto.swift; sourceTree = "<group>"; };
		8EA181CA2C4D3C7D00DA1208 /* SideBarView.swift */ = {isa = PBXFileReference; lastKnownFileType = sourcecode.swift; path = SideBarView.swift; sourceTree = "<group>"; };
		8EA181CD2C4D487F00DA1208 /* CollectionNFT.swift */ = {isa = PBXFileReference; lastKnownFileType = sourcecode.swift; path = CollectionNFT.swift; sourceTree = "<group>"; };
		8EA181CF2C4D87F700DA1208 /* NFTItemView.swift */ = {isa = PBXFileReference; lastKnownFileType = sourcecode.swift; path = NFTItemView.swift; sourceTree = "<group>"; };
		8EF2005A2C53FB2F00A5C007 /* HomePage.swift */ = {isa = PBXFileReference; lastKnownFileType = sourcecode.swift; path = HomePage.swift; sourceTree = "<group>"; };
		8EF2005D2C53FFF800A5C007 /* ProductsView.swift */ = {isa = PBXFileReference; lastKnownFileType = sourcecode.swift; path = ProductsView.swift; sourceTree = "<group>"; };
		8EFD044E2C5831EF00AB88B9 /* Soulless.usdz */ = {isa = PBXFileReference; lastKnownFileType = file.usdz; name = Soulless.usdz; path = ../../../../../Downloads/Soulless.usdz; sourceTree = "<group>"; };
		8EFD04512C58322300AB88B9 /* Soulless.usdz */ = {isa = PBXFileReference; lastKnownFileType = file.usdz; path = Soulless.usdz; sourceTree = "<group>"; };
/* End PBXFileReference section */

/* Begin PBXFrameworksBuildPhase section */
		8E6B5FFA2C49AC220087B749 /* Frameworks */ = {
			isa = PBXFrameworksBuildPhase;
			buildActionMask = 2147483647;
			files = (
				8E6B60032C49AC220087B749 /* RealityKitContent in Frameworks */,
			);
			runOnlyForDeploymentPostprocessing = 0;
		};
/* End PBXFrameworksBuildPhase section */

/* Begin PBXGroup section */
		8E53A7182C4C159000C3F428 /* Models */ = {
			isa = PBXGroup;
			children = (
				8E53A7192C4C15C000C3F428 /* SideMenuItem.swift */,
				8EA181CD2C4D487F00DA1208 /* CollectionNFT.swift */,
			);
			path = Models;
			sourceTree = "<group>";
		};
		8E6B5FF42C49AC220087B749 = {
			isa = PBXGroup;
			children = (
				8EFD04502C58321600AB88B9 /* assets */,
				8EA181C92C4D3C4800DA1208 /* Views */,
				8E53A7182C4C159000C3F428 /* Models */,
				8E6B5FFF2C49AC220087B749 /* nft */,
				8E6B60002C49AC220087B749 /* Packages */,
				8E6B5FFE2C49AC220087B749 /* Products */,
			);
			sourceTree = "<group>";
		};
		8E6B5FFE2C49AC220087B749 /* Products */ = {
			isa = PBXGroup;
			children = (
				8E6B5FFD2C49AC220087B749 /* nft.app */,
			);
			name = Products;
			sourceTree = "<group>";
		};
		8E6B5FFF2C49AC220087B749 /* nft */ = {
			isa = PBXGroup;
			children = (
				8E6B60042C49AC220087B749 /* nftApp.swift */,
				8E6B60082C49AC240087B749 /* Assets.xcassets */,
				8EFD044E2C5831EF00AB88B9 /* Soulless.usdz */,
				8E6B600D2C49AC240087B749 /* Info.plist */,
				8E6B600A2C49AC240087B749 /* Preview Content */,
			);
			path = nft;
			sourceTree = "<group>";
		};
		8E6B60002C49AC220087B749 /* Packages */ = {
			isa = PBXGroup;
			children = (
				8E6B60012C49AC220087B749 /* RealityKitContent */,
			);
			path = Packages;
			sourceTree = "<group>";
		};
		8E6B600A2C49AC240087B749 /* Preview Content */ = {
			isa = PBXGroup;
			children = (
				8E6B600B2C49AC240087B749 /* Preview Assets.xcassets */,
			);
			path = "Preview Content";
			sourceTree = "<group>";
		};
		8E6E7A192C5184DD004E4E0E /* latest_crypto */ = {
			isa = PBXGroup;
			children = (
				8E6E7A1A2C5184FB004E4E0E /* LatesCrypto.swift */,
			);
			path = latest_crypto;
			sourceTree = "<group>";
		};
		8EA181C92C4D3C4800DA1208 /* Views */ = {
			isa = PBXGroup;
			children = (
				8EF2005C2C53FFE600A5C007 /* Products */,
				8EF200592C53FB1F00A5C007 /* Home */,
				8E6E7A192C5184DD004E4E0E /* latest_crypto */,
			);
			path = Views;
			sourceTree = "<group>";
		};
		8EF200592C53FB1F00A5C007 /* Home */ = {
			isa = PBXGroup;
			children = (
				8EF2005F2C54001100A5C007 /* Widgets */,
				8EF2005A2C53FB2F00A5C007 /* HomePage.swift */,
			);
			path = Home;
			sourceTree = "<group>";
		};
		8EF2005C2C53FFE600A5C007 /* Products */ = {
			isa = PBXGroup;
			children = (
				8EF2005D2C53FFF800A5C007 /* ProductsView.swift */,
			);
			path = Products;
			sourceTree = "<group>";
		};
		8EF2005F2C54001100A5C007 /* Widgets */ = {
			isa = PBXGroup;
			children = (
				8EA181CA2C4D3C7D00DA1208 /* SideBarView.swift */,
				8EA181CF2C4D87F700DA1208 /* NFTItemView.swift */,
			);
			path = Widgets;
			sourceTree = "<group>";
		};
		8EFD04502C58321600AB88B9 /* assets */ = {
			isa = PBXGroup;
			children = (
				8EFD04512C58322300AB88B9 /* Soulless.usdz */,
			);
			path = assets;
			sourceTree = "<group>";
		};
/* End PBXGroup section */

/* Begin PBXNativeTarget section */
		8E6B5FFC2C49AC220087B749 /* nft */ = {
			isa = PBXNativeTarget;
			buildConfigurationList = 8E6B60102C49AC240087B749 /* Build configuration list for PBXNativeTarget "nft" */;
			buildPhases = (
				8E6B5FF92C49AC220087B749 /* Sources */,
				8E6B5FFA2C49AC220087B749 /* Frameworks */,
				8E6B5FFB2C49AC220087B749 /* Resources */,
			);
			buildRules = (
			);
			dependencies = (
			);
			name = nft;
			packageProductDependencies = (
				8E6B60022C49AC220087B749 /* RealityKitContent */,
			);
			productName = nft;
			productReference = 8E6B5FFD2C49AC220087B749 /* nft.app */;
			productType = "com.apple.product-type.application";
		};
/* End PBXNativeTarget section */

/* Begin PBXProject section */
		8E6B5FF52C49AC220087B749 /* Project object */ = {
			isa = PBXProject;
			attributes = {
				BuildIndependentTargetsInParallel = 1;
				LastSwiftUpdateCheck = 1540;
				LastUpgradeCheck = 1540;
				TargetAttributes = {
					8E6B5FFC2C49AC220087B749 = {
						CreatedOnToolsVersion = 15.4;
					};
				};
			};
			buildConfigurationList = 8E6B5FF82C49AC220087B749 /* Build configuration list for PBXProject "nft" */;
			compatibilityVersion = "Xcode 14.0";
			developmentRegion = en;
			hasScannedForEncodings = 0;
			knownRegions = (
				en,
				Base,
			);
			mainGroup = 8E6B5FF42C49AC220087B749;
			productRefGroup = 8E6B5FFE2C49AC220087B749 /* Products */;
			projectDirPath = "";
			projectRoot = "";
			targets = (
				8E6B5FFC2C49AC220087B749 /* nft */,
			);
		};
/* End PBXProject section */

/* Begin PBXResourcesBuildPhase section */
		8E6B5FFB2C49AC220087B749 /* Resources */ = {
			isa = PBXResourcesBuildPhase;
			buildActionMask = 2147483647;
			files = (
				8EFD044F2C5831F000AB88B9 /* Soulless.usdz in Resources */,
				8E6B600C2C49AC240087B749 /* Preview Assets.xcassets in Resources */,
				8E6B60092C49AC240087B749 /* Assets.xcassets in Resources */,
			);
			runOnlyForDeploymentPostprocessing = 0;
		};
/* End PBXResourcesBuildPhase section */

/* Begin PBXSourcesBuildPhase section */
		8E6B5FF92C49AC220087B749 /* Sources */ = {
			isa = PBXSourcesBuildPhase;
			buildActionMask = 2147483647;
			files = (
				8EA181D02C4D87F700DA1208 /* NFTItemView.swift in Sources */,
				8EF2005B2C53FB2F00A5C007 /* HomePage.swift in Sources */,
				8EA181CE2C4D487F00DA1208 /* CollectionNFT.swift in Sources */,
				8EA181CB2C4D3C7D00DA1208 /* SideBarView.swift in Sources */,
				8E6B60052C49AC220087B749 /* nftApp.swift in Sources */,
				8E6E7A1B2C5184FB004E4E0E /* LatesCrypto.swift in Sources */,
				8E53A71A2C4C15C000C3F428 /* SideMenuItem.swift in Sources */,
				8EF2005E2C53FFF800A5C007 /* ProductsView.swift in Sources */,
			);
			runOnlyForDeploymentPostprocessing = 0;
		};
/* End PBXSourcesBuildPhase section */

/* Begin XCBuildConfiguration section */
		8E6B600E2C49AC240087B749 /* Debug */ = {
			isa = XCBuildConfiguration;
			buildSettings = {
				ALWAYS_SEARCH_USER_PATHS = NO;
				ASSETCATALOG_COMPILER_GENERATE_SWIFT_ASSET_SYMBOL_EXTENSIONS = YES;
				CLANG_ANALYZER_NONNULL = YES;
				CLANG_ANALYZER_NUMBER_OBJECT_CONVERSION = YES_AGGRESSIVE;
				CLANG_CXX_LANGUAGE_STANDARD = "gnu++20";
				CLANG_ENABLE_MODULES = YES;
				CLANG_ENABLE_OBJC_ARC = YES;
				CLANG_ENABLE_OBJC_WEAK = YES;
				CLANG_WARN_BLOCK_CAPTURE_AUTORELEASING = YES;
				CLANG_WARN_BOOL_CONVERSION = YES;
				CLANG_WARN_COMMA = YES;
				CLANG_WARN_CONSTANT_CONVERSION = YES;
				CLANG_WARN_DEPRECATED_OBJC_IMPLEMENTATIONS = YES;
				CLANG_WARN_DIRECT_OBJC_ISA_USAGE = YES_ERROR;
				CLANG_WARN_DOCUMENTATION_COMMENTS = YES;
				CLANG_WARN_EMPTY_BODY = YES;
				CLANG_WARN_ENUM_CONVERSION = YES;
				CLANG_WARN_INFINITE_RECURSION = YES;
				CLANG_WARN_INT_CONVERSION = YES;
				CLANG_WARN_NON_LITERAL_NULL_CONVERSION = YES;
				CLANG_WARN_OBJC_IMPLICIT_RETAIN_SELF = YES;
				CLANG_WARN_OBJC_LITERAL_CONVERSION = YES;
				CLANG_WARN_OBJC_ROOT_CLASS = YES_ERROR;
				CLANG_WARN_QUOTED_INCLUDE_IN_FRAMEWORK_HEADER = YES;
				CLANG_WARN_RANGE_LOOP_ANALYSIS = YES;
				CLANG_WARN_STRICT_PROTOTYPES = YES;
				CLANG_WARN_SUSPICIOUS_MOVE = YES;
				CLANG_WARN_UNGUARDED_AVAILABILITY = YES_AGGRESSIVE;
				CLANG_WARN_UNREACHABLE_CODE = YES;
				CLANG_WARN__DUPLICATE_METHOD_MATCH = YES;
				COPY_PHASE_STRIP = NO;
				DEBUG_INFORMATION_FORMAT = dwarf;
				ENABLE_STRICT_OBJC_MSGSEND = YES;
				ENABLE_TESTABILITY = YES;
				ENABLE_USER_SCRIPT_SANDBOXING = YES;
				GCC_C_LANGUAGE_STANDARD = gnu17;
				GCC_DYNAMIC_NO_PIC = NO;
				GCC_NO_COMMON_BLOCKS = YES;
				GCC_OPTIMIZATION_LEVEL = 0;
				GCC_PREPROCESSOR_DEFINITIONS = (
					"DEBUG=1",
					"$(inherited)",
				);
				GCC_WARN_64_TO_32_BIT_CONVERSION = YES;
				GCC_WARN_ABOUT_RETURN_TYPE = YES_ERROR;
				GCC_WARN_UNDECLARED_SELECTOR = YES;
				GCC_WARN_UNINITIALIZED_AUTOS = YES_AGGRESSIVE;
				GCC_WARN_UNUSED_FUNCTION = YES;
				GCC_WARN_UNUSED_VARIABLE = YES;
				LOCALIZATION_PREFERS_STRING_CATALOGS = YES;
				MTL_ENABLE_DEBUG_INFO = INCLUDE_SOURCE;
				MTL_FAST_MATH = YES;
				ONLY_ACTIVE_ARCH = YES;
				SDKROOT = xros;
				SWIFT_ACTIVE_COMPILATION_CONDITIONS = "DEBUG $(inherited)";
				SWIFT_OPTIMIZATION_LEVEL = "-Onone";
				XROS_DEPLOYMENT_TARGET = 1.2;
			};
			name = Debug;
		};
		8E6B600F2C49AC240087B749 /* Release */ = {
			isa = XCBuildConfiguration;
			buildSettings = {
				ALWAYS_SEARCH_USER_PATHS = NO;
				ASSETCATALOG_COMPILER_GENERATE_SWIFT_ASSET_SYMBOL_EXTENSIONS = YES;
				CLANG_ANALYZER_NONNULL = YES;
				CLANG_ANALYZER_NUMBER_OBJECT_CONVERSION = YES_AGGRESSIVE;
				CLANG_CXX_LANGUAGE_STANDARD = "gnu++20";
				CLANG_ENABLE_MODULES = YES;
				CLANG_ENABLE_OBJC_ARC = YES;
				CLANG_ENABLE_OBJC_WEAK = YES;
				CLANG_WARN_BLOCK_CAPTURE_AUTORELEASING = YES;
				CLANG_WARN_BOOL_CONVERSION = YES;
				CLANG_WARN_COMMA = YES;
				CLANG_WARN_CONSTANT_CONVERSION = YES;
				CLANG_WARN_DEPRECATED_OBJC_IMPLEMENTATIONS = YES;
				CLANG_WARN_DIRECT_OBJC_ISA_USAGE = YES_ERROR;
				CLANG_WARN_DOCUMENTATION_COMMENTS = YES;
				CLANG_WARN_EMPTY_BODY = YES;
				CLANG_WARN_ENUM_CONVERSION = YES;
				CLANG_WARN_INFINITE_RECURSION = YES;
				CLANG_WARN_INT_CONVERSION = YES;
				CLANG_WARN_NON_LITERAL_NULL_CONVERSION = YES;
				CLANG_WARN_OBJC_IMPLICIT_RETAIN_SELF = YES;
				CLANG_WARN_OBJC_LITERAL_CONVERSION = YES;
				CLANG_WARN_OBJC_ROOT_CLASS = YES_ERROR;
				CLANG_WARN_QUOTED_INCLUDE_IN_FRAMEWORK_HEADER = YES;
				CLANG_WARN_RANGE_LOOP_ANALYSIS = YES;
				CLANG_WARN_STRICT_PROTOTYPES = YES;
				CLANG_WARN_SUSPICIOUS_MOVE = YES;
				CLANG_WARN_UNGUARDED_AVAILABILITY = YES_AGGRESSIVE;
				CLANG_WARN_UNREACHABLE_CODE = YES;
				CLANG_WARN__DUPLICATE_METHOD_MATCH = YES;
				COPY_PHASE_STRIP = NO;
				DEBUG_INFORMATION_FORMAT = "dwarf-with-dsym";
				ENABLE_NS_ASSERTIONS = NO;
				ENABLE_STRICT_OBJC_MSGSEND = YES;
				ENABLE_USER_SCRIPT_SANDBOXING = YES;
				GCC_C_LANGUAGE_STANDARD = gnu17;
				GCC_NO_COMMON_BLOCKS = YES;
				GCC_WARN_64_TO_32_BIT_CONVERSION = YES;
				GCC_WARN_ABOUT_RETURN_TYPE = YES_ERROR;
				GCC_WARN_UNDECLARED_SELECTOR = YES;
				GCC_WARN_UNINITIALIZED_AUTOS = YES_AGGRESSIVE;
				GCC_WARN_UNUSED_FUNCTION = YES;
				GCC_WARN_UNUSED_VARIABLE = YES;
				LOCALIZATION_PREFERS_STRING_CATALOGS = YES;
				MTL_ENABLE_DEBUG_INFO = NO;
				MTL_FAST_MATH = YES;
				SDKROOT = xros;
				SWIFT_COMPILATION_MODE = wholemodule;
				VALIDATE_PRODUCT = YES;
				XROS_DEPLOYMENT_TARGET = 1.2;
			};
			name = Release;
		};
		8E6B60112C49AC240087B749 /* Debug */ = {
			isa = XCBuildConfiguration;
			buildSettings = {
				ASSETCATALOG_COMPILER_APPICON_NAME = AppIcon;
				ASSETCATALOG_COMPILER_GLOBAL_ACCENT_COLOR_NAME = AccentColor;
				CODE_SIGN_STYLE = Automatic;
				CURRENT_PROJECT_VERSION = 1;
				DEVELOPMENT_ASSET_PATHS = "\"nft/Preview Content\"";
				ENABLE_PREVIEWS = YES;
				GENERATE_INFOPLIST_FILE = YES;
				INFOPLIST_FILE = "$(TARGET_NAME)/Info.plist";
				LD_RUNPATH_SEARCH_PATHS = (
					"$(inherited)",
					"@executable_path/Frameworks",
				);
				MARKETING_VERSION = 1.0;
				PRODUCT_BUNDLE_IDENTIFIER = mahdinaghikhani.nft;
				PRODUCT_NAME = "$(TARGET_NAME)";
				SUPPORTED_PLATFORMS = "xros xrsimulator";
				SWIFT_EMIT_LOC_STRINGS = YES;
				SWIFT_VERSION = 5.0;
				TARGETED_DEVICE_FAMILY = "1,2,7";
			};
			name = Debug;
		};
		8E6B60122C49AC240087B749 /* Release */ = {
			isa = XCBuildConfiguration;
			buildSettings = {
				ASSETCATALOG_COMPILER_APPICON_NAME = AppIcon;
				ASSETCATALOG_COMPILER_GLOBAL_ACCENT_COLOR_NAME = AccentColor;
				CODE_SIGN_STYLE = Automatic;
				CURRENT_PROJECT_VERSION = 1;
				DEVELOPMENT_ASSET_PATHS = "\"nft/Preview Content\"";
				ENABLE_PREVIEWS = YES;
				GENERATE_INFOPLIST_FILE = YES;
				INFOPLIST_FILE = "$(TARGET_NAME)/Info.plist";
				LD_RUNPATH_SEARCH_PATHS = (
					"$(inherited)",
					"@executable_path/Frameworks",
				);
				MARKETING_VERSION = 1.0;
				PRODUCT_BUNDLE_IDENTIFIER = mahdinaghikhani.nft;
				PRODUCT_NAME = "$(TARGET_NAME)";
				SUPPORTED_PLATFORMS = "xros xrsimulator";
				SWIFT_EMIT_LOC_STRINGS = YES;
				SWIFT_VERSION = 5.0;
				TARGETED_DEVICE_FAMILY = "1,2,7";
			};
			name = Release;
		};
/* End XCBuildConfiguration section */

/* Begin XCConfigurationList section */
		8E6B5FF82C49AC220087B749 /* Build configuration list for PBXProject "nft" */ = {
			isa = XCConfigurationList;
			buildConfigurations = (
				8E6B600E2C49AC240087B749 /* Debug */,
				8E6B600F2C49AC240087B749 /* Release */,
			);
			defaultConfigurationIsVisible = 0;
			defaultConfigurationName = Release;
		};
		8E6B60102C49AC240087B749 /* Build configuration list for PBXNativeTarget "nft" */ = {
			isa = XCConfigurationList;
			buildConfigurations = (
				8E6B60112C49AC240087B749 /* Debug */,
				8E6B60122C49AC240087B749 /* Release */,
			);
			defaultConfigurationIsVisible = 0;
			defaultConfigurationName = Release;
		};
/* End XCConfigurationList section */

/* Begin XCSwiftPackageProductDependency section */
		8E6B60022C49AC220087B749 /* RealityKitContent */ = {
			isa = XCSwiftPackageProductDependency;
			productName = RealityKitContent;
		};
/* End XCSwiftPackageProductDependency section */
	};
	rootObject = 8E6B5FF52C49AC220087B749 /* Project object */;
}
